# THIS IS AN AUTOGENERATED FILE. DO NOT EDIT THIS FILE DIRECTLY.
# yarn lockfile v1


"@types/geojson@*":
  version "7946.0.10"
  resolved "https://registry.yarnpkg.com/@types/geojson/-/geojson-7946.0.10.tgz#6dfbf5ea17142f7f9a043809f1cd4c448cb68249"
  integrity sha512-Nmh0K3iWQJzniTuPRcJn5hxXkfB1T1pgB89SBig5PlJQU5yocazeu4jATJlaA0GYFKWMqDdvYemoSnF2pXgLVA==

"@types/leaflet@^1.7.11":
  version "1.7.11"
  resolved "https://registry.yarnpkg.com/@types/leaflet/-/leaflet-1.7.11.tgz#48b33b7a15b015bbb1e8950399298a112c3220c8"
  integrity sha512-VwAYom2pfIAf/pLj1VR5aLltd4tOtHyvfaJlNYCoejzP2nu52PrMi1ehsLRMUS+bgafmIIKBV1cMfKeS+uJ0Vg==
  dependencies:
    "@types/geojson" "*"

"@types/three@^0.138.0":
  version "0.138.0"
  resolved "https://registry.npmjs.org/@types/three/-/three-0.138.0.tgz#ec9f1d1fd8dffea2e0572f9d815ff5a35cf4dc6b"
  integrity sha512-D8AoV7h2kbCfrv/DcebHOFh1WDwyus3HdooBkAwcBikXArdqnsQ38PQ85JCunnvun160oA9jz53GszF3zch3tg==

leaflet@^1.8.0:
  version "1.8.0"
  resolved "https://registry.yarnpkg.com/leaflet/-/leaflet-1.8.0.tgz#4615db4a22a304e8e692cae9270b983b38a2055e"
  integrity sha512-gwhMjFCQiYs3x/Sf+d49f10ERXaEFCPr+nVTryhAW8DWbMGqJqt9G4XuIaHmFW08zYvhgdzqXGr8AlW8v8dQkA==

three@^0.138.3:
  version "0.138.3"
  resolved "https://registry.npmjs.org/three/-/three-0.138.3.tgz#7be5153d79dcbf9e9baad82e7faf8c29edda4ed0"
  integrity sha512-4t1cKC8gimNyJChJbaklg8W/qj3PpsLJUIFm5LIuAy/hVxxNm1ru2FGTSfbTSsuHmC/7ipsyuGKqrSAKLNtkzg==
